
Microsoft Visual Studio Solution File, Format Version 12.00
# Visual Studio Version 16
VisualStudioVersion = 16.0.29209.62
MinimumVisualStudioVersion = 10.0.40219.1
Project("{FAE04EC0-301F-11D3-BF4B-00C04F79EFBC}") = "TestApp.Client", "TestApp.Client\TestApp.Client.csproj", "{72AD77B3-6D5F-408A-94B7-DFCB19037742}"
EndProject
Project("{FAE04EC0-301F-11D3-BF4B-00C04F79EFBC}") = "TestApp.Service", "TestApp.Service\TestApp.Service.csproj", "{98245C27-1E82-43A3-9165-29DD4AA7CDE4}"
EndProject
Global
	GlobalSection(SolutionConfigurationPlatforms) = preSolution
		Debug|Any CPU = Debug|Any CPU
		Release|Any CPU = Release|Any CPU
	EndGlobalSection
	GlobalSection(ProjectConfigurationPlatforms) = postSolution
		{72AD77B3-6D5F-408A-94B7-DFCB19037742}.Debug|Any CPU.ActiveCfg = Debug|Any CPU
		{72AD77B3-6D5F-408A-94B7-DFCB19037742}.Debug|Any CPU.Build.0 = Debug|Any CPU
		{72AD77B3-6D5F-408A-94B7-DFCB19037742}.Release|Any CPU.ActiveCfg = Release|Any CPU
		{72AD77B3-6D5F-408A-94B7-DFCB19037742}.Release|Any CPU.Build.0 = Release|Any CPU
		{98245C27-1E82-43A3-9165-29DD4AA7CDE4}.Debug|Any CPU.ActiveCfg = Debug|Any CPU
		{98245C27-1E82-43A3-9165-29DD4AA7CDE4}.Debug|Any CPU.Build.0 = Debug|Any CPU
		{98245C27-1E82-43A3-9165-29DD4AA7CDE4}.Release|Any CPU.ActiveCfg = Release|Any CPU
		{98245C27-1E82-43A3-9165-29DD4AA7CDE4}.Release|Any CPU.Build.0 = Release|Any CPU
	EndGlobalSection
	GlobalSection(SolutionProperties) = preSolution
		HideSolutionNode = FALSE
	EndGlobalSection
	GlobalSection(ExtensibilityGlobals) = postSolution
		SolutionGuid = {4166421A-2D39-46F4-A428-59ED9DC0A51C}
	EndGlobalSection
EndGlobal
